
Microsoft Visual Studio Solution File, Format Version 12.00
# Visual Studio 15
VisualStudioVersion = 15.0.27703.2042
MinimumVisualStudioVersion = 10.0.40219.1
Project("{FAE04EC0-301F-11D3-BF4B-00C04F79EFBC}") = "Executor", "Executor\Executor.csproj", "{C6EB8743-D3DD-4C12-B8B5-A92B365E9FAD}"
EndProject
Project("{FAE04EC0-301F-11D3-BF4B-00C04F79EFBC}") = "Automation", "Automation\Automation.csproj", "{992C7BDD-0BA5-4B4B-A3DB-E7F7CB77A2B0}"
EndProject
Global
	GlobalSection(SolutionConfigurationPlatforms) = preSolution
		Debug|Any CPU = Debug|Any CPU
		Release|Any CPU = Release|Any CPU
	EndGlobalSection
	GlobalSection(ProjectConfigurationPlatforms) = postSolution
		{C6EB8743-D3DD-4C12-B8B5-A92B365E9FAD}.Debug|Any CPU.ActiveCfg = Debug|Any CPU
		{C6EB8743-D3DD-4C12-B8B5-A92B365E9FAD}.Debug|Any CPU.Build.0 = Debug|Any CPU
		{C6EB8743-D3DD-4C12-B8B5-A92B365E9FAD}.Release|Any CPU.ActiveCfg = Release|Any CPU
		{C6EB8743-D3DD-4C12-B8B5-A92B365E9FAD}.Release|Any CPU.Build.0 = Release|Any CPU
		{992C7BDD-0BA5-4B4B-A3DB-E7F7CB77A2B0}.Debug|Any CPU.ActiveCfg = Debug|Any CPU
		{992C7BDD-0BA5-4B4B-A3DB-E7F7CB77A2B0}.Debug|Any CPU.Build.0 = Debug|Any CPU
		{992C7BDD-0BA5-4B4B-A3DB-E7F7CB77A2B0}.Release|Any CPU.ActiveCfg = Release|Any CPU
		{992C7BDD-0BA5-4B4B-A3DB-E7F7CB77A2B0}.Release|Any CPU.Build.0 = Release|Any CPU
	EndGlobalSection
	GlobalSection(SolutionProperties) = preSolution
		HideSolutionNode = FALSE
	EndGlobalSection
	GlobalSection(ExtensibilityGlobals) = postSolution
		SolutionGuid = {E8B55B25-C1A0-4190-9268-147904E71D1A}
	EndGlobalSection
EndGlobal
