
Microsoft Visual Studio Solution File, Format Version 12.00
# Visual Studio 15
VisualStudioVersion = 15.0.27703.2042
MinimumVisualStudioVersion = 10.0.40219.1
Project("{9A19103F-16F7-4668-BE54-9A1E7A4F7556}") = "Automation", "Automation\Automation.csproj", "{992C7BDD-0BA5-4B4B-A3DB-E7F7CB77A2B0}"
EndProject
Project("{FAE04EC0-301F-11D3-BF4B-00C04F79EFBC}") = "MyControls", "MyControls\MyControls.csproj", "{B5336AB8-6B52-4C4B-A19A-4816923E340E}"
EndProject
Project("{FAE04EC0-301F-11D3-BF4B-00C04F79EFBC}") = "MyTest", "MyTest\MyTest.csproj", "{461472B6-B3C8-419E-80B0-0401BF98AA6C}"
EndProject
Global
	GlobalSection(SolutionConfigurationPlatforms) = preSolution
		Debug|Any CPU = Debug|Any CPU
		Release|Any CPU = Release|Any CPU
	EndGlobalSection
	GlobalSection(ProjectConfigurationPlatforms) = postSolution
		{992C7BDD-0BA5-4B4B-A3DB-E7F7CB77A2B0}.Debug|Any CPU.ActiveCfg = Debug|Any CPU
		{992C7BDD-0BA5-4B4B-A3DB-E7F7CB77A2B0}.Debug|Any CPU.Build.0 = Debug|Any CPU
		{992C7BDD-0BA5-4B4B-A3DB-E7F7CB77A2B0}.Release|Any CPU.ActiveCfg = Release|Any CPU
		{992C7BDD-0BA5-4B4B-A3DB-E7F7CB77A2B0}.Release|Any CPU.Build.0 = Release|Any CPU
		{B5336AB8-6B52-4C4B-A19A-4816923E340E}.Debug|Any CPU.ActiveCfg = Debug|Any CPU
		{B5336AB8-6B52-4C4B-A19A-4816923E340E}.Debug|Any CPU.Build.0 = Debug|Any CPU
		{B5336AB8-6B52-4C4B-A19A-4816923E340E}.Release|Any CPU.ActiveCfg = Release|Any CPU
		{B5336AB8-6B52-4C4B-A19A-4816923E340E}.Release|Any CPU.Build.0 = Release|Any CPU
		{461472B6-B3C8-419E-80B0-0401BF98AA6C}.Debug|Any CPU.ActiveCfg = Debug|Any CPU
		{461472B6-B3C8-419E-80B0-0401BF98AA6C}.Debug|Any CPU.Build.0 = Debug|Any CPU
		{461472B6-B3C8-419E-80B0-0401BF98AA6C}.Release|Any CPU.ActiveCfg = Release|Any CPU
		{461472B6-B3C8-419E-80B0-0401BF98AA6C}.Release|Any CPU.Build.0 = Release|Any CPU
	EndGlobalSection
	GlobalSection(SolutionProperties) = preSolution
		HideSolutionNode = FALSE
	EndGlobalSection
	GlobalSection(ExtensibilityGlobals) = postSolution
		SolutionGuid = {E8B55B25-C1A0-4190-9268-147904E71D1A}
	EndGlobalSection
EndGlobal
